
Microsoft Visual Studio Solution File, Format Version 10.00
# Visual Studio 2008
# SharpDevelop 3.2.0.5777
Project("{FAE04EC0-301F-11D3-BF4B-00C04F79EFBC}") = "Bravo.Reporting", "Bravo.Reporting\Bravo.Reporting.csproj", "{6A523E9E-CDE3-4666-911A-3E002EB8E8CF}"
EndProject
Project("{FAE04EC0-301F-11D3-BF4B-00C04F79EFBC}") = "Bravo.Reporting.Demo", "Bravo.Reporting.Demo\Bravo.Reporting.Demo.csproj", "{CA25D97B-0A99-4AE2-9493-79A8A538314F}"
EndProject
Project("{2150E333-8FDC-42A3-9474-1A3956D46DE8}") = "Test", "Test", "{74EC18A8-E12B-4843-8BEF-F621C60B6D2A}"
	ProjectSection(SolutionItems) = preProject
		Bravo.Reporting.Test.nunit = Bravo.Reporting.Test.nunit
	EndProjectSection
EndProject
Project("{FAE04EC0-301F-11D3-BF4B-00C04F79EFBC}") = "Bravo.Reporting.Test", "Bravo.Reporting.Test\Bravo.Reporting.Test.csproj", "{C85B8282-0D79-4CAD-9AAD-393DB71C2D81}"
EndProject
Global
	GlobalSection(SolutionConfigurationPlatforms) = preSolution
		Debug|Any CPU = Debug|Any CPU
		Release|Any CPU = Release|Any CPU
	EndGlobalSection
	GlobalSection(ProjectConfigurationPlatforms) = postSolution
		{6A523E9E-CDE3-4666-911A-3E002EB8E8CF}.Debug|Any CPU.ActiveCfg = Debug|Any CPU
		{6A523E9E-CDE3-4666-911A-3E002EB8E8CF}.Debug|Any CPU.Build.0 = Debug|Any CPU
		{6A523E9E-CDE3-4666-911A-3E002EB8E8CF}.Release|Any CPU.ActiveCfg = Release|Any CPU
		{6A523E9E-CDE3-4666-911A-3E002EB8E8CF}.Release|Any CPU.Build.0 = Release|Any CPU
		{C85B8282-0D79-4CAD-9AAD-393DB71C2D81}.Debug|Any CPU.ActiveCfg = Debug|Any CPU
		{C85B8282-0D79-4CAD-9AAD-393DB71C2D81}.Debug|Any CPU.Build.0 = Debug|Any CPU
		{C85B8282-0D79-4CAD-9AAD-393DB71C2D81}.Release|Any CPU.ActiveCfg = Release|Any CPU
		{C85B8282-0D79-4CAD-9AAD-393DB71C2D81}.Release|Any CPU.Build.0 = Release|Any CPU
		{CA25D97B-0A99-4AE2-9493-79A8A538314F}.Debug|Any CPU.ActiveCfg = Debug|Any CPU
		{CA25D97B-0A99-4AE2-9493-79A8A538314F}.Debug|Any CPU.Build.0 = Debug|Any CPU
		{CA25D97B-0A99-4AE2-9493-79A8A538314F}.Release|Any CPU.ActiveCfg = Release|Any CPU
		{CA25D97B-0A99-4AE2-9493-79A8A538314F}.Release|Any CPU.Build.0 = Release|Any CPU
	EndGlobalSection
	GlobalSection(MonoDevelopProperties) = preSolution
		StartupItem = Bravo.Reporting.Demo\Bravo.Reporting.Demo.csproj
	EndGlobalSection
	GlobalSection(SolutionProperties) = preSolution
		HideSolutionNode = FALSE
	EndGlobalSection
	GlobalSection(NestedProjects) = preSolution
		{C85B8282-0D79-4CAD-9AAD-393DB71C2D81} = {74EC18A8-E12B-4843-8BEF-F621C60B6D2A}
	EndGlobalSection
EndGlobal
